<Solution>
  <Folder Name="/src/" />
  <Folder Name="/src/Orders/">
    <Project Path="src/Orders/Orders.Api/Orders.Api.csproj" />
    <Project Path="src/Orders/Orders.Application/Orders.Application.csproj" />
    <Project Path="src/Orders/Orders.Domain/Orders.Domain.csproj" />
    <Project Path="src/Orders/Orders.Infrastructure/Orders.Infrastructure.csproj" />
  </Folder>
  <Folder Name="/tests/">
    <Project Path="tests/Orders.Tests/Orders.Tests.csproj" />
  </Folder>
</Solution>
